
Microsoft Visual Studio Solution File, Format Version 12.00
# Visual Studio Version 16
VisualStudioVersion = 16.0.32929.386
MinimumVisualStudioVersion = 10.0.40219.1
Project("{8BC9CEB8-8B4A-11D0-8D11-00A0C91BC942}") = "RecompPort", "RecompPort.vcxproj", "{23C26E84-DC01-43A6-B11B-0B4A2D79A5DD}"
EndProject
Project("{8BC9CEB8-8B4A-11D0-8D11-00A0C91BC942}") = "Rabbitizer", "lib\Rabbitizer.vcxproj", "{17BE354C-2B15-4175-8535-7D0D046217A6}"
EndProject
Project("{8BC9CEB8-8B4A-11D0-8D11-00A0C91BC942}") = "fmtlib", "lib\fmtlib.vcxproj", "{B56D9DB2-FB5D-4241-848A-159D17120F35}"
EndProject
Project("{8BC9CEB8-8B4A-11D0-8D11-00A0C91BC942}") = "RSPRecomp", "RSPRecomp\RSPRecomp.vcxproj", "{31E04B52-67AD-4CEF-803F-09A10F81B100}"
EndProject
Global
	GlobalSection(SolutionConfigurationPlatforms) = preSolution
		Debug|x64 = Debug|x64
		Debug|x86 = Debug|x86
		Release|x64 = Release|x64
		Release|x86 = Release|x86
	EndGlobalSection
	GlobalSection(ProjectConfigurationPlatforms) = postSolution
		{23C26E84-DC01-43A6-B11B-0B4A2D79A5DD}.Debug|x64.ActiveCfg = Debug|x64
		{23C26E84-DC01-43A6-B11B-0B4A2D79A5DD}.Debug|x64.Build.0 = Debug|x64
		{23C26E84-DC01-43A6-B11B-0B4A2D79A5DD}.Debug|x86.ActiveCfg = Debug|Win32
		{23C26E84-DC01-43A6-B11B-0B4A2D79A5DD}.Debug|x86.Build.0 = Debug|Win32
		{23C26E84-DC01-43A6-B11B-0B4A2D79A5DD}.Release|x64.ActiveCfg = Release|x64
		{23C26E84-DC01-43A6-B11B-0B4A2D79A5DD}.Release|x64.Build.0 = Release|x64
		{23C26E84-DC01-43A6-B11B-0B4A2D79A5DD}.Release|x86.ActiveCfg = Release|Win32
		{23C26E84-DC01-43A6-B11B-0B4A2D79A5DD}.Release|x86.Build.0 = Release|Win32
		{17BE354C-2B15-4175-8535-7D0D046217A6}.Debug|x64.ActiveCfg = Debug|x64
		{17BE354C-2B15-4175-8535-7D0D046217A6}.Debug|x64.Build.0 = Debug|x64
		{17BE354C-2B15-4175-8535-7D0D046217A6}.Debug|x86.ActiveCfg = Debug|Win32
		{17BE354C-2B15-4175-8535-7D0D046217A6}.Debug|x86.Build.0 = Debug|Win32
		{17BE354C-2B15-4175-8535-7D0D046217A6}.Release|x64.ActiveCfg = Release|x64
		{17BE354C-2B15-4175-8535-7D0D046217A6}.Release|x64.Build.0 = Release|x64
		{17BE354C-2B15-4175-8535-7D0D046217A6}.Release|x86.ActiveCfg = Release|Win32
		{17BE354C-2B15-4175-8535-7D0D046217A6}.Release|x86.Build.0 = Release|Win32
		{B56D9DB2-FB5D-4241-848A-159D17120F35}.Debug|x64.ActiveCfg = Debug|x64
		{B56D9DB2-FB5D-4241-848A-159D17120F35}.Debug|x64.Build.0 = Debug|x64
		{B56D9DB2-FB5D-4241-848A-159D17120F35}.Debug|x86.ActiveCfg = Debug|Win32
		{B56D9DB2-FB5D-4241-848A-159D17120F35}.Debug|x86.Build.0 = Debug|Win32
		{B56D9DB2-FB5D-4241-848A-159D17120F35}.Release|x64.ActiveCfg = Release|x64
		{B56D9DB2-FB5D-4241-848A-159D17120F35}.Release|x64.Build.0 = Release|x64
		{B56D9DB2-FB5D-4241-848A-159D17120F35}.Release|x86.ActiveCfg = Release|Win32
		{B56D9DB2-FB5D-4241-848A-159D17120F35}.Release|x86.Build.0 = Release|Win32
		{31E04B52-67AD-4CEF-803F-09A10F81B100}.Debug|x64.ActiveCfg = Debug|x64
		{31E04B52-67AD-4CEF-803F-09A10F81B100}.Debug|x64.Build.0 = Debug|x64
		{31E04B52-67AD-4CEF-803F-09A10F81B100}.Debug|x86.ActiveCfg = Debug|Win32
		{31E04B52-67AD-4CEF-803F-09A10F81B100}.Debug|x86.Build.0 = Debug|Win32
		{31E04B52-67AD-4CEF-803F-09A10F81B100}.Release|x64.ActiveCfg = Release|x64
		{31E04B52-67AD-4CEF-803F-09A10F81B100}.Release|x64.Build.0 = Release|x64
		{31E04B52-67AD-4CEF-803F-09A10F81B100}.Release|x86.ActiveCfg = Release|Win32
		{31E04B52-67AD-4CEF-803F-09A10F81B100}.Release|x86.Build.0 = Release|Win32
	EndGlobalSection
	GlobalSection(SolutionProperties) = preSolution
		HideSolutionNode = FALSE
	EndGlobalSection
	GlobalSection(ExtensibilityGlobals) = postSolution
		SolutionGuid = {060DB2CD-23B2-4BDA-82D2-ACAC7BB5450B}
	EndGlobalSection
EndGlobal
